<?xml version="1.0" encoding="utf-8"?>
<Project ToolsVersion="4.0" xmlns="http://schemas.microsoft.com/developer/msbuild/2003">
  <ItemGroup>
    <Filter Include="Assets">
      <UniqueIdentifier>{aa2dff80-cc46-4aaa-9c9e-7784c2a0cdf0}</UniqueIdentifier>
    </Filter>
    <Filter Include="Assets\modelData">
      <UniqueIdentifier>{a27dfd5d-af93-4623-b084-aad00b7739c4}</UniqueIdentifier>
    </Filter>
    <Filter Include="character">
      <UniqueIdentifier>{c57b7107-f9f3-4b72-8f3e-8644593ed533}</UniqueIdentifier>
    </Filter>
    <Filter Include="graphics">
      <UniqueIdentifier>{b7a9a0ab-a792-43fe-a5a7-760b8c976aca}</UniqueIdentifier>
    </Filter>
    <Filter Include="graphics\animation">
      <UniqueIdentifier>{d83ac002-5cd8-4ff4-977a-e7b5ebce5263}</UniqueIdentifier>
    </Filter>
    <Filter Include="level">
      <UniqueIdentifier>{73eacaf4-a5db-4539-ab55-83b9c5d4807c}</UniqueIdentifier>
    </Filter>
    <Filter Include="HID">
      <UniqueIdentifier>{bbdeed04-d9d3-4ff9-bb44-9d888be6899a}</UniqueIdentifier>
    </Filter>
    <Filter Include="math">
      <UniqueIdentifier>{39e7f303-3dac-4bde-bedf-33a5497f262e}</UniqueIdentifier>
    </Filter>
    <Filter Include="physics">
      <UniqueIdentifier>{1eed4cab-11aa-4e90-960a-a01360c5a392}</UniqueIdentifier>
    </Filter>
    <Filter Include="system">
      <UniqueIdentifier>{48b58c60-bbe2-40d8-9d2f-e81d065b6820}</UniqueIdentifier>
    </Filter>
    <Filter Include="Debug">
      <UniqueIdentifier>{c2afa707-0ea6-40af-a0f6-9ebf926a9619}</UniqueIdentifier>
    </Filter>
    <Filter Include="graphics\Light">
      <UniqueIdentifier>{871a5d09-4eec-48c7-86f7-2b314a7cb242}</UniqueIdentifier>
    </Filter>
    <Filter Include="graphics\Camera">
      <UniqueIdentifier>{4be12c57-adcf-4072-bdc7-6e0a828c76ec}</UniqueIdentifier>
    </Filter>
    <Filter Include="graphics\Sprite">
      <UniqueIdentifier>{8b5789e2-7153-4c23-8b7d-1f5bce580476}</UniqueIdentifier>
    </Filter>
    <Filter Include="Assets\sprite">
      <UniqueIdentifier>{56c2d48c-abfd-437c-8bf6-e03a9c4db68e}</UniqueIdentifier>
    </Filter>
    <Filter Include="graphics\SkinModel">
      <UniqueIdentifier>{47cbe10d-94d6-492f-a801-710cb156d543}</UniqueIdentifier>
    </Filter>
    <Filter Include="graphics\font">
      <UniqueIdentifier>{603848fd-d29f-4f41-b805-2c2161dd463a}</UniqueIdentifier>
    </Filter>
    <Filter Include="Assets\sprite\stand">
      <UniqueIdentifier>{19601a56-de18-42bb-94a4-4ccf6ccd85f3}</UniqueIdentifier>
    </Filter>
    <Filter Include="Assets\sprite\system">
      <UniqueIdentifier>{1d553739-477e-464f-8dcf-de70048a43f3}</UniqueIdentifier>
    </Filter>
    <Filter Include="object">
      <UniqueIdentifier>{478c104a-efe0-4c0d-8756-7fa85e2167a0}</UniqueIdentifier>
    </Filter>
    <Filter Include="object\Player">
      <UniqueIdentifier>{d7991004-bffa-45f5-a76f-fafb6edcbdeb}</UniqueIdentifier>
    </Filter>
    <Filter Include="object\Stage">
      <UniqueIdentifier>{b024fb64-6107-4b4b-9b24-c5349875f94b}</UniqueIdentifier>
    </Filter>
    <Filter Include="Assets\sprite\window">
      <UniqueIdentifier>{aebdecf2-87f2-46e4-ae3f-8b95828ed958}</UniqueIdentifier>
    </Filter>
    <Filter Include="Assets\sprite\Menu">
      <UniqueIdentifier>{7b6a8a85-f6cd-494f-9169-a07533271226}</UniqueIdentifier>
    </Filter>
    <Filter Include="graphics\Transition">
      <UniqueIdentifier>{6e5abbe2-d4b5-4973-a4c7-36d14cf7055b}</UniqueIdentifier>
    </Filter>
    <Filter Include="Assets\sprite\Transition">
      <UniqueIdentifier>{2ed49e2a-daef-4284-9bd4-d786674bc835}</UniqueIdentifier>
    </Filter>
    <Filter Include="sound">
      <UniqueIdentifier>{645e286f-d38c-4077-9c21-ac9ae0dd85c0}</UniqueIdentifier>
    </Filter>
    <Filter Include="Assets\sprite\Menu\Logo">
      <UniqueIdentifier>{addd37ae-4aaf-448f-9589-58bb2baca794}</UniqueIdentifier>
    </Filter>
    <Filter Include="object\Gimmick">
      <UniqueIdentifier>{c2d1b38a-7b2e-4328-a05d-d12408cadab8}</UniqueIdentifier>
    </Filter>
    <Filter Include="Assets\sprite\effect">
      <UniqueIdentifier>{2779139b-cc6f-4f51-a566-8305f0843b7b}</UniqueIdentifier>
    </Filter>
    <Filter Include="object\Enemy">
      <UniqueIdentifier>{b09804f2-c9d3-43ee-947c-f1207804faf0}</UniqueIdentifier>
    </Filter>
    <Filter Include="physics\Collider">
      <UniqueIdentifier>{63c85806-5e61-4209-9594-387e5e910877}</UniqueIdentifier>
    </Filter>
    <Filter Include="Assets\modelData\Gimmick">
      <UniqueIdentifier>{80024503-b165-4a38-a5ed-9ca88c8f6c09}</UniqueIdentifier>
    </Filter>
    <Filter Include="graphics\PostEffect">
      <UniqueIdentifier>{bea0f45f-c0cc-435c-bfbc-763f0dd2f8f9}</UniqueIdentifier>
    </Filter>
    <Filter Include="Assets\modelData\Stage">
      <UniqueIdentifier>{095e2ded-8f16-4b63-baff-3ab9c288ccd0}</UniqueIdentifier>
    </Filter>
    <Filter Include="Assets\modelData\Enemy">
      <UniqueIdentifier>{79a4e662-74cc-4e46-a30a-ebb76d1d1290}</UniqueIdentifier>
    </Filter>
    <Filter Include="system\GameBox">
      <UniqueIdentifier>{7bc2d564-c6fe-4bd9-9578-099020b909fb}</UniqueIdentifier>
    </Filter>
    <Filter Include="object\Item">
      <UniqueIdentifier>{9293dd20-2ea1-4d31-8606-fa27024e63be}</UniqueIdentifier>
    </Filter>
    <Filter Include="Scene">
      <UniqueIdentifier>{4e55b732-ca04-4dd7-b60f-48a3cf37a25c}</UniqueIdentifier>
    </Filter>
    <Filter Include="Assets\sprite\Title">
      <UniqueIdentifier>{baa66333-73a2-46c2-8e4d-dfb1d949ad86}</UniqueIdentifier>
    </Filter>
    <Filter Include="Assets\sprite\Title\Logo">
      <UniqueIdentifier>{d1cf5def-e854-47e0-8fc9-2dfee599acf1}</UniqueIdentifier>
    </Filter>
    <Filter Include="system\GameObject">
      <UniqueIdentifier>{20b641d2-0713-4575-a01e-37ddea2cdaad}</UniqueIdentifier>
    </Filter>
    <Filter Include="system\GameSystem">
      <UniqueIdentifier>{84f0aef1-c4a6-4c0b-b6fc-8324262a13f4}</UniqueIdentifier>
    </Filter>
    <Filter Include="system\GameSystem\UI">
      <UniqueIdentifier>{a02c1fe1-d10b-45c6-bc42-1c95b3fb88c1}</UniqueIdentifier>
    </Filter>
    <Filter Include="system\GameSystem\UI\Menu">
      <UniqueIdentifier>{4a06e158-e542-4c0c-b004-b477066c11bb}</UniqueIdentifier>
    </Filter>
    <Filter Include="system\GameSystem\Effekseer">
      <UniqueIdentifier>{c7f840ca-59e4-49a2-873b-b33ca59ecd4a}</UniqueIdentifier>
    </Filter>
    <Filter Include="system\GameSystem\Mouse">
      <UniqueIdentifier>{6e41837d-6b11-4edb-b448-1d051f5610c8}</UniqueIdentifier>
    </Filter>
    <Filter Include="Assets\modelData\Title">
      <UniqueIdentifier>{f9e4e457-232c-4f1d-93d2-239021daf6c9}</UniqueIdentifier>
    </Filter>
    <Filter Include="Assets\modelData\Item">
      <UniqueIdentifier>{b614d219-f094-480d-b123-116c8927972c}</UniqueIdentifier>
    </Filter>
    <Filter Include="Assets\modelData\System">
      <UniqueIdentifier>{48e23a6d-a153-4379-89fa-0bb42bea55c0}</UniqueIdentifier>
    </Filter>
    <Filter Include="Assets\modelData\TestModel">
      <UniqueIdentifier>{ee032b4d-9a28-472b-a24d-4c34ffc00b34}</UniqueIdentifier>
    </Filter>
    <Filter Include="Assets\modelData\TestModel\Titan">
      <UniqueIdentifier>{c4bd8911-7ff6-4c63-81f1-4c0c982a3c57}</UniqueIdentifier>
    </Filter>
    <Filter Include="Assets\modelData\Stage\Stage1">
      <UniqueIdentifier>{082a478a-12c9-4196-948c-2f5f64a88d16}</UniqueIdentifier>
    </Filter>
    <Filter Include="Assets\modelData\Stage\Stage0">
      <UniqueIdentifier>{cafa470a-de92-4129-9436-59c49d1627dd}</UniqueIdentifier>
    </Filter>
    <Filter Include="system\StageSet">
      <UniqueIdentifier>{fa71f95d-d67f-4d54-8ed9-e0ce86ce8892}</UniqueIdentifier>
    </Filter>
    <Filter Include="Scene\GameScene">
      <UniqueIdentifier>{e052878d-39d9-471c-bdf7-d679e45eba79}</UniqueIdentifier>
    </Filter>
    <Filter Include="object\SystemObject">
      <UniqueIdentifier>{042f1fff-fd25-437b-8058-5f587f7f2fa3}</UniqueIdentifier>
    </Filter>
  </ItemGroup>
  <ItemGroup>
    <ClCompile Include="math\Vector.cpp">
      <Filter>math</Filter>
    </ClCompile>
    <ClCompile Include="math\kMath.cpp">
      <Filter>math</Filter>
    </ClCompile>
    <ClCompile Include="math\Matrix.cpp">
      <Filter>math</Filter>
    </ClCompile>
    <ClCompile Include="graphics\GraphicsEngine.cpp">
      <Filter>graphics</Filter>
    </ClCompile>
    <ClCompile Include="graphics\Skeleton.cpp">
      <Filter>graphics</Filter>
    </ClCompile>
    <ClCompile Include="graphics\ShaderResources.cpp">
      <Filter>graphics</Filter>
    </ClCompile>
    <ClCompile Include="graphics\animation\Animation.cpp">
      <Filter>graphics\animation</Filter>
    </ClCompile>
    <ClCompile Include="graphics\animation\AnimationClip.cpp">
      <Filter>graphics\animation</Filter>
    </ClCompile>
    <ClCompile Include="graphics\animation\AnimationPlayController.cpp">
      <Filter>graphics\animation</Filter>
    </ClCompile>
    <ClCompile Include="HID\Pad.cpp">
      <Filter>HID</Filter>
    </ClCompile>
    <ClCompile Include="system\system.cpp">
      <Filter>system</Filter>
    </ClCompile>
    <ClCompile Include="physics\RigidBody.cpp">
      <Filter>physics</Filter>
    </ClCompile>
    <ClCompile Include="physics\Physics.cpp">
      <Filter>physics</Filter>
    </ClCompile>
    <ClCompile Include="physics\MeshCollider.cpp">
      <Filter>physics</Filter>
    </ClCompile>
    <ClCompile Include="physics\PhysicsStaticObject.cpp">
      <Filter>physics</Filter>
    </ClCompile>
    <ClCompile Include="character\CharacterController.cpp">
      <Filter>character</Filter>
    </ClCompile>
    <ClCompile Include="level\Level.cpp">
      <Filter>level</Filter>
    </ClCompile>
    <ClCompile Include="level\MapChip.cpp">
      <Filter>level</Filter>
    </ClCompile>
    <ClCompile Include="main.cpp" />
    <ClCompile Include="stdafx.cpp" />
    <ClCompile Include="DebugLog.cpp">
      <Filter>Debug</Filter>
    </ClCompile>
    <ClCompile Include="DirectionLight.cpp">
      <Filter>graphics\Light</Filter>
    </ClCompile>
    <ClCompile Include="LightMaker.cpp">
      <Filter>graphics\Light</Filter>
    </ClCompile>
    <ClCompile Include="graphics\Camera.cpp">
      <Filter>graphics\Camera</Filter>
    </ClCompile>
    <ClCompile Include="CameraSupporter.cpp">
      <Filter>graphics\Camera</Filter>
    </ClCompile>
    <ClCompile Include="SpriteRender.cpp">
      <Filter>graphics\Sprite</Filter>
    </ClCompile>
    <ClCompile Include="Sprite.cpp">
      <Filter>graphics\Sprite</Filter>
    </ClCompile>
    <ClCompile Include="SpriteStandby.cpp">
      <Filter>graphics\Sprite</Filter>
    </ClCompile>
    <ClCompile Include="CCamera2D.cpp">
      <Filter>graphics\Camera</Filter>
    </ClCompile>
    <ClCompile Include="SpriteSupporter.cpp">
      <Filter>graphics\Sprite</Filter>
    </ClCompile>
    <ClCompile Include="graphics\Shader.cpp">
      <Filter>graphics\Sprite</Filter>
    </ClCompile>
    <ClCompile Include="GameBox.cpp">
      <Filter>system\GameBox</Filter>
    </ClCompile>
    <ClCompile Include="Player.cpp">
      <Filter>object\Player</Filter>
    </ClCompile>
    <ClCompile Include="ShadowMap.cpp">
      <Filter>graphics</Filter>
    </ClCompile>
    <ClCompile Include="RenderTarget.cpp">
      <Filter>graphics</Filter>
    </ClCompile>
    <ClCompile Include="Bloom.cpp">
      <Filter>graphics\PostEffect</Filter>
    </ClCompile>
    <ClCompile Include="Dof.cpp">
      <Filter>graphics\PostEffect</Filter>
    </ClCompile>
    <ClCompile Include="GaussianBlur.cpp">
      <Filter>graphics\PostEffect</Filter>
    </ClCompile>
    <ClCompile Include="PostEffect.cpp">
      <Filter>graphics\PostEffect</Filter>
    </ClCompile>
    <ClCompile Include="ConstantBufferGPU.cpp">
      <Filter>graphics\PostEffect</Filter>
    </ClCompile>
    <ClCompile Include="GameFont.cpp">
      <Filter>graphics\font</Filter>
    </ClCompile>
    <ClCompile Include="FontRender.cpp">
      <Filter>graphics\font</Filter>
    </ClCompile>
    <ClCompile Include="GameData.cpp">
      <Filter>system\GameSystem</Filter>
    </ClCompile>
    <ClCompile Include="FontSupporter.cpp">
      <Filter>graphics\font</Filter>
    </ClCompile>
    <ClCompile Include="FarShadow.cpp">
      <Filter>graphics\PostEffect</Filter>
    </ClCompile>
    <ClCompile Include="GameUI.cpp">
      <Filter>system\GameSystem\UI</Filter>
    </ClCompile>
    <ClCompile Include="BackGround.cpp">
      <Filter>object\Stage</Filter>
    </ClCompile>
    <ClCompile Include="CGOM_Graphics.cpp">
      <Filter>graphics</Filter>
    </ClCompile>
    <ClCompile Include="MaskSprite.cpp">
      <Filter>graphics\Sprite</Filter>
    </ClCompile>
    <ClCompile Include="SliceSprite.cpp">
      <Filter>graphics\Sprite</Filter>
    </ClCompile>
    <ClCompile Include="TransitionGenerator.cpp">
      <Filter>graphics\Transition</Filter>
    </ClCompile>
    <ClCompile Include="TransitionSprite.cpp">
      <Filter>graphics\Transition</Filter>
    </ClCompile>
    <ClCompile Include="sound\SoundEngine.cpp">
      <Filter>sound</Filter>
    </ClCompile>
    <ClCompile Include="sound\SoundSource.cpp">
      <Filter>sound</Filter>
    </ClCompile>
    <ClCompile Include="sound\WaveFile.cpp">
      <Filter>sound</Filter>
    </ClCompile>
    <ClCompile Include="sound\WaveFileBank.cpp">
      <Filter>sound</Filter>
    </ClCompile>
    <ClCompile Include="GameEffect.cpp">
      <Filter>system\GameSystem\UI</Filter>
    </ClCompile>
    <ClCompile Include="EffekseerSupporter.cpp">
      <Filter>system\GameSystem\Effekseer</Filter>
    </ClCompile>
    <ClCompile Include="TestEnemy.cpp">
      <Filter>object\Enemy</Filter>
    </ClCompile>
    <ClCompile Include="EnemySystem.cpp">
      <Filter>object\Enemy</Filter>
    </ClCompile>
    <ClCompile Include="PhysicsGhostObject.cpp">
      <Filter>physics</Filter>
    </ClCompile>
    <ClCompile Include="PhysicsObjectBase.cpp">
      <Filter>physics</Filter>
    </ClCompile>
    <ClCompile Include="BoxCollider.cpp">
      <Filter>physics\Collider</Filter>
    </ClCompile>
    <ClCompile Include="physics\CapsuleCollider.cpp">
      <Filter>physics\Collider</Filter>
    </ClCompile>
    <ClCompile Include="SphereCollider.cpp">
      <Filter>physics\Collider</Filter>
    </ClCompile>
    <ClCompile Include="Switch.cpp">
      <Filter>object\Gimmick</Filter>
    </ClCompile>
    <ClCompile Include="LevelSet.cpp">
      <Filter>level</Filter>
    </ClCompile>
    <ClCompile Include="GameMenu.cpp">
      <Filter>system\GameSystem\UI\Menu</Filter>
    </ClCompile>
    <ClCompile Include="Menu_BoxAllDelete.cpp">
      <Filter>system\GameSystem\UI\Menu</Filter>
    </ClCompile>
    <ClCompile Include="LevelData.cpp">
      <Filter>level</Filter>
    </ClCompile>
    <ClCompile Include="PhysicsDebugDraw.cpp">
      <Filter>Debug</Filter>
    </ClCompile>
    <ClCompile Include="GameCamera.cpp">
      <Filter>system\GameSystem</Filter>
    </ClCompile>
    <ClCompile Include="PointLight.cpp">
      <Filter>graphics\Light</Filter>
    </ClCompile>
    <ClCompile Include="ObjectClass.cpp">
      <Filter>object</Filter>
    </ClCompile>
    <ClCompile Include="Door.cpp">
      <Filter>object\Gimmick</Filter>
    </ClCompile>
    <ClCompile Include="BoxMaker.cpp">
      <Filter>system\GameBox</Filter>
    </ClCompile>
    <ClCompile Include="StarMoney.cpp">
      <Filter>object\Item</Filter>
    </ClCompile>
    <ClCompile Include="Board.cpp">
      <Filter>object\Gimmick</Filter>
    </ClCompile>
    <ClCompile Include="Game.cpp">
      <Filter>Scene</Filter>
    </ClCompile>
    <ClCompile Include="Title.cpp">
      <Filter>Scene</Filter>
    </ClCompile>
    <ClCompile Include="SceneManager.cpp">
      <Filter>Scene</Filter>
    </ClCompile>
    <ClCompile Include="MouseOver.cpp">
      <Filter>system\GameSystem\Mouse</Filter>
    </ClCompile>
    <ClCompile Include="MouseSupporter.cpp">
      <Filter>system\GameSystem\Mouse</Filter>
    </ClCompile>
    <ClCompile Include="system\CGameObjectManager.cpp">
      <Filter>system\GameObject</Filter>
    </ClCompile>
    <ClCompile Include="system\IGameObject.cpp">
      <Filter>system\GameObject</Filter>
    </ClCompile>
    <ClCompile Include="graphics\skinModel\SkinModelDataManager.cpp">
      <Filter>graphics\SkinModel</Filter>
    </ClCompile>
    <ClCompile Include="graphics\skinModel\SkinModelEffect.cpp">
      <Filter>graphics\SkinModel</Filter>
    </ClCompile>
    <ClCompile Include="graphics\skinModel\SkinModelRender.cpp">
      <Filter>graphics\SkinModel</Filter>
    </ClCompile>
    <ClCompile Include="graphics\skinModel\SkinModelSupporter.cpp">
      <Filter>graphics\SkinModel</Filter>
    </ClCompile>
    <ClCompile Include="graphics\skinModel\SkinModel.cpp">
      <Filter>graphics\SkinModel</Filter>
    </ClCompile>
    <ClCompile Include="StageSet.cpp">
      <Filter>system\StageSet</Filter>
    </ClCompile>
    <ClCompile Include="OP.cpp">
      <Filter>Scene\GameScene</Filter>
    </ClCompile>
    <ClCompile Include="Tutorial.cpp">
      <Filter>Scene\GameScene</Filter>
    </ClCompile>
    <ClCompile Include="SystemBox.cpp">
      <Filter>object\SystemObject</Filter>
    </ClCompile>
    <ClCompile Include="Menu_Create.cpp">
      <Filter>system\GameSystem\UI\Menu</Filter>
    </ClCompile>
  </ItemGroup>
  <ItemGroup>
    <ClInclude Include="math\Vector.h">
      <Filter>math</Filter>
    </ClInclude>
    <ClInclude Include="math\kMath.h">
      <Filter>math</Filter>
    </ClInclude>
    <ClInclude Include="math\Matrix.h">
      <Filter>math</Filter>
    </ClInclude>
    <ClInclude Include="graphics\GraphicsEngine.h">
      <Filter>graphics</Filter>
    </ClInclude>
    <ClInclude Include="graphics\Skeleton.h">
      <Filter>graphics</Filter>
    </ClInclude>
    <ClInclude Include="graphics\Shader.h">
      <Filter>graphics</Filter>
    </ClInclude>
    <ClInclude Include="graphics\ShaderResources.h">
      <Filter>graphics</Filter>
    </ClInclude>
    <ClInclude Include="graphics\animation\Animation.h">
      <Filter>graphics\animation</Filter>
    </ClInclude>
    <ClInclude Include="graphics\animation\AnimationClip.h">
      <Filter>graphics\animation</Filter>
    </ClInclude>
    <ClInclude Include="graphics\animation\AnimationPlayController.h">
      <Filter>graphics\animation</Filter>
    </ClInclude>
    <ClInclude Include="HID\Pad.h">
      <Filter>HID</Filter>
    </ClInclude>
    <ClInclude Include="system\system.h">
      <Filter>system</Filter>
    </ClInclude>
    <ClInclude Include="physics\RigidBody.h">
      <Filter>physics</Filter>
    </ClInclude>
    <ClInclude Include="physics\Physics.h">
      <Filter>physics</Filter>
    </ClInclude>
    <ClInclude Include="physics\MeshCollider.h">
      <Filter>physics</Filter>
    </ClInclude>
    <ClInclude Include="physics\CollisionAttr.h">
      <Filter>physics</Filter>
    </ClInclude>
    <ClInclude Include="physics\PhysicsStaticObject.h">
      <Filter>physics</Filter>
    </ClInclude>
    <ClInclude Include="character\CharacterController.h">
      <Filter>character</Filter>
    </ClInclude>
    <ClInclude Include="level\Level.h">
      <Filter>level</Filter>
    </ClInclude>
    <ClInclude Include="level\MapChip.h">
      <Filter>level</Filter>
    </ClInclude>
    <ClInclude Include="stdafx.h" />
    <ClInclude Include="DebugLog.h">
      <Filter>Debug</Filter>
    </ClInclude>
    <ClInclude Include="DirectionLight.h">
      <Filter>graphics\Light</Filter>
    </ClInclude>
    <ClInclude Include="LightMaker.h">
      <Filter>graphics\Light</Filter>
    </ClInclude>
    <ClInclude Include="graphics\Camera.h">
      <Filter>graphics\Camera</Filter>
    </ClInclude>
    <ClInclude Include="GameTime.h">
      <Filter>system</Filter>
    </ClInclude>
    <ClInclude Include="CameraSupporter.h">
      <Filter>graphics\Camera</Filter>
    </ClInclude>
    <ClInclude Include="SpriteRender.h">
      <Filter>graphics\Sprite</Filter>
    </ClInclude>
    <ClInclude Include="Sprite.h">
      <Filter>graphics\Sprite</Filter>
    </ClInclude>
    <ClInclude Include="SpriteStandby.h">
      <Filter>graphics\Sprite</Filter>
    </ClInclude>
    <ClInclude Include="CCamera2D.h">
      <Filter>graphics\Camera</Filter>
    </ClInclude>
    <ClInclude Include="SpriteSupporter.h">
      <Filter>graphics\Sprite</Filter>
    </ClInclude>
    <ClInclude Include="GameBox.h">
      <Filter>system\GameBox</Filter>
    </ClInclude>
    <ClInclude Include="Player.h">
      <Filter>object\Player</Filter>
    </ClInclude>
    <ClInclude Include="ShadowMap.h">
      <Filter>graphics</Filter>
    </ClInclude>
    <ClInclude Include="RenderTarget.h">
      <Filter>graphics</Filter>
    </ClInclude>
    <ClInclude Include="Bloom.h">
      <Filter>graphics\PostEffect</Filter>
    </ClInclude>
    <ClInclude Include="Dof.h">
      <Filter>graphics\PostEffect</Filter>
    </ClInclude>
    <ClInclude Include="GaussianBlur.h">
      <Filter>graphics\PostEffect</Filter>
    </ClInclude>
    <ClInclude Include="PostEffect.h">
      <Filter>graphics\PostEffect</Filter>
    </ClInclude>
    <ClInclude Include="ConstantBufferGPU.h">
      <Filter>graphics\PostEffect</Filter>
    </ClInclude>
    <ClInclude Include="GameFont.h">
      <Filter>graphics\font</Filter>
    </ClInclude>
    <ClInclude Include="FontRender.h">
      <Filter>graphics\font</Filter>
    </ClInclude>
    <ClInclude Include="GameData.h">
      <Filter>system\GameSystem</Filter>
    </ClInclude>
    <ClInclude Include="resource.h" />
    <ClInclude Include="FontSupporter.h">
      <Filter>graphics\font</Filter>
    </ClInclude>
    <ClInclude Include="FarShadow.h">
      <Filter>graphics\PostEffect</Filter>
    </ClInclude>
    <ClInclude Include="GameUI.h">
      <Filter>system\GameSystem\UI</Filter>
    </ClInclude>
    <ClInclude Include="BackGround.h">
      <Filter>object\Stage</Filter>
    </ClInclude>
    <ClInclude Include="GameCamera.h">
      <Filter>system\GameSystem</Filter>
    </ClInclude>
    <ClInclude Include="CGOM_Graphics.h">
      <Filter>graphics</Filter>
    </ClInclude>
    <ClInclude Include="MaskSprite.h">
      <Filter>graphics\Sprite</Filter>
    </ClInclude>
    <ClInclude Include="SliceSprite.h">
      <Filter>graphics\Sprite</Filter>
    </ClInclude>
    <ClInclude Include="SystemData.h">
      <Filter>system\GameSystem</Filter>
    </ClInclude>
    <ClInclude Include="GameGraphic.h">
      <Filter>system\GameSystem</Filter>
    </ClInclude>
    <ClInclude Include="TransitionGenerator.h">
      <Filter>graphics\Transition</Filter>
    </ClInclude>
    <ClInclude Include="TransitionSprite.h">
      <Filter>graphics\Transition</Filter>
    </ClInclude>
    <ClInclude Include="sound\SoundEngine.h">
      <Filter>sound</Filter>
    </ClInclude>
    <ClInclude Include="sound\SoundSource.h">
      <Filter>sound</Filter>
    </ClInclude>
    <ClInclude Include="sound\WaveFile.h">
      <Filter>sound</Filter>
    </ClInclude>
    <ClInclude Include="sound\WaveFileBank.h">
      <Filter>sound</Filter>
    </ClInclude>
    <ClInclude Include="GameEffect.h">
      <Filter>system\GameSystem\UI</Filter>
    </ClInclude>
    <ClInclude Include="EffekseerSupporter.h">
      <Filter>system\GameSystem\Effekseer</Filter>
    </ClInclude>
    <ClInclude Include="TestEnemy.h">
      <Filter>object\Enemy</Filter>
    </ClInclude>
    <ClInclude Include="EnemySystem.h">
      <Filter>object\Enemy</Filter>
    </ClInclude>
    <ClInclude Include="PhysicsGhostObject.h">
      <Filter>physics</Filter>
    </ClInclude>
    <ClInclude Include="PhysicsObjectBase.h">
      <Filter>physics</Filter>
    </ClInclude>
    <ClInclude Include="BoxCollider.h">
      <Filter>physics\Collider</Filter>
    </ClInclude>
    <ClInclude Include="physics\CapsuleCollider.h">
      <Filter>physics\Collider</Filter>
    </ClInclude>
    <ClInclude Include="SphereCollider.h">
      <Filter>physics\Collider</Filter>
    </ClInclude>
    <ClInclude Include="physics\ICollider.h">
      <Filter>physics\Collider</Filter>
    </ClInclude>
    <ClInclude Include="Switch.h">
      <Filter>object\Gimmick</Filter>
    </ClInclude>
    <ClInclude Include="LevelSet.h">
      <Filter>level</Filter>
    </ClInclude>
    <ClInclude Include="IncludeHeader.h">
      <Filter>system</Filter>
    </ClInclude>
    <ClInclude Include="GameMenu.h">
      <Filter>system\GameSystem\UI\Menu</Filter>
    </ClInclude>
    <ClInclude Include="Menu_BoxAllDelete.h">
      <Filter>system\GameSystem\UI\Menu</Filter>
    </ClInclude>
    <ClInclude Include="LevelData.h">
      <Filter>level</Filter>
    </ClInclude>
    <ClInclude Include="PhysicsDebugDraw.h">
      <Filter>Debug</Filter>
    </ClInclude>
    <ClInclude Include="PointLight.h">
      <Filter>graphics\Light</Filter>
    </ClInclude>
    <ClInclude Include="ObjectClass.h">
      <Filter>object</Filter>
    </ClInclude>
    <ClInclude Include="Door.h">
      <Filter>object\Gimmick</Filter>
    </ClInclude>
    <ClInclude Include="BoxMaker.h">
      <Filter>system\GameBox</Filter>
    </ClInclude>
    <ClInclude Include="StarMoney.h">
      <Filter>object\Item</Filter>
    </ClInclude>
    <ClInclude Include="Board.h">
      <Filter>object\Gimmick</Filter>
    </ClInclude>
    <ClInclude Include="Game.h">
      <Filter>Scene</Filter>
    </ClInclude>
    <ClInclude Include="Title.h">
      <Filter>Scene</Filter>
    </ClInclude>
    <ClInclude Include="SceneManager.h">
      <Filter>Scene</Filter>
    </ClInclude>
    <ClInclude Include="MouseOver.h">
      <Filter>system\GameSystem\Mouse</Filter>
    </ClInclude>
    <ClInclude Include="MouseSupporter.h">
      <Filter>system\GameSystem\Mouse</Filter>
    </ClInclude>
    <ClInclude Include="system\CGameObjectManager.h">
      <Filter>system\GameObject</Filter>
    </ClInclude>
    <ClInclude Include="system\IGameObject.h">
      <Filter>system\GameObject</Filter>
    </ClInclude>
    <ClInclude Include="Hash.h">
      <Filter>system</Filter>
    </ClInclude>
    <ClInclude Include="graphics\skinModel\SkinModel.h">
      <Filter>graphics\SkinModel</Filter>
    </ClInclude>
    <ClInclude Include="graphics\skinModel\SkinModelDataManager.h">
      <Filter>graphics\SkinModel</Filter>
    </ClInclude>
    <ClInclude Include="graphics\skinModel\SkinModelEffect.h">
      <Filter>graphics\SkinModel</Filter>
    </ClInclude>
    <ClInclude Include="graphics\skinModel\SkinModelShaderConst.h">
      <Filter>graphics\SkinModel</Filter>
    </ClInclude>
    <ClInclude Include="graphics\skinModel\SkinModelRender.h">
      <Filter>graphics\SkinModel</Filter>
    </ClInclude>
    <ClInclude Include="graphics\skinModel\SkinModelSupporter.h">
      <Filter>graphics\SkinModel</Filter>
    </ClInclude>
    <ClInclude Include="StageSet.h">
      <Filter>system\StageSet</Filter>
    </ClInclude>
    <ClInclude Include="OP.h">
      <Filter>Scene\GameScene</Filter>
    </ClInclude>
    <ClInclude Include="Tutorial.h">
      <Filter>Scene\GameScene</Filter>
    </ClInclude>
    <ClInclude Include="SystemBox.h">
      <Filter>object\SystemObject</Filter>
    </ClInclude>
    <ClInclude Include="StageData.h">
      <Filter>system\StageSet</Filter>
    </ClInclude>
    <ClInclude Include="Menu_Create.h">
      <Filter>system\GameSystem\UI\Menu</Filter>
    </ClInclude>
  </ItemGroup>
  <ItemGroup>
    <MeshContentTask Include="Assets\modelData\Titan.fbx">
      <Filter>Assets\modelData\TestModel\Titan</Filter>
    </MeshContentTask>
    <MeshContentTask Include="Assets\modelData\Gimmick\jewel.fbx">
      <Filter>Assets\modelData\Item</Filter>
    </MeshContentTask>
    <MeshContentTask Include="Assets\modelData\Gimmick\Switch\Switch.fbx">
      <Filter>Assets\modelData\Gimmick</Filter>
    </MeshContentTask>
    <MeshContentTask Include="Assets\modelData\Gimmick\Switch\Switch_Base.fbx">
      <Filter>Assets\modelData\Gimmick</Filter>
    </MeshContentTask>
    <MeshContentTask Include="Assets\modelData\Gimmick\Switch\Switch_Coli.fbx">
      <Filter>Assets\modelData\Gimmick</Filter>
    </MeshContentTask>
    <MeshContentTask Include="Assets\modelData\Test_Enemy.fbx">
      <Filter>Assets\modelData\Enemy</Filter>
    </MeshContentTask>
    <MeshContentTask Include="Assets\modelData\Gimmick\Door\Door.fbx">
      <Filter>Assets\modelData\Gimmick</Filter>
    </MeshContentTask>
    <MeshContentTask Include="Assets\modelData\Gimmick\Board\Board.fbx">
      <Filter>Assets\modelData\Gimmick</Filter>
    </MeshContentTask>
    <MeshContentTask Include="Assets\modelData\box.fbx">
      <Filter>Assets\modelData\System</Filter>
    </MeshContentTask>
    <MeshContentTask Include="Assets\modelData\map.fbx">
      <Filter>Assets\modelData\TestModel</Filter>
    </MeshContentTask>
    <MeshContentTask Include="Assets\modelData\unityChan.fbx">
      <Filter>Assets\modelData\TestModel</Filter>
    </MeshContentTask>
    <MeshContentTask Include="Assets\modelData\Title\Title_Ball.fbx">
      <Filter>Assets\modelData\Title</Filter>
    </MeshContentTask>
    <MeshContentTask Include="Assets\modelData\Sougen\Sougen_1_1.fbx">
      <Filter>Assets\modelData\Stage\Stage1</Filter>
    </MeshContentTask>
    <MeshContentTask Include="Assets\modelData\Gimmick\Door\BigDoor.fbx">
      <Filter>Assets\modelData\Gimmick</Filter>
    </MeshContentTask>
    <MeshContentTask Include="Assets\modelData\0_0.fbx">
      <Filter>Assets\modelData\Stage\Stage0</Filter>
    </MeshContentTask>
    <MeshContentTask Include="Assets\modelData\Sougen\Sougen_1_2.fbx">
      <Filter>Assets\modelData\Stage\Stage1</Filter>
    </MeshContentTask>
    <MeshContentTask Include="Assets\modelData\Gimmick\Scaffold\Scaffold1.fbx">
      <Filter>Assets\modelData\Gimmick</Filter>
    </MeshContentTask>
    <MeshContentTask Include="Assets\modelData\Sougen\Sougen_1_3.fbx">
      <Filter>Assets\modelData\Stage\Stage1</Filter>
    </MeshContentTask>
    <MeshContentTask Include="Assets\modelData\Gimmick\Key\Key1.fbx">
      <Filter>Assets\modelData\Item</Filter>
    </MeshContentTask>
    <MeshContentTask Include="Assets\modelData\Gimmick\GhostBox.fbx">
      <Filter>Assets\modelData\Gimmick</Filter>
    </MeshContentTask>
    <MeshContentTask Include="Assets\modelData\Gimmick\Door\BigDoor_.fbx">
      <Filter>Assets\modelData\Gimmick</Filter>
    </MeshContentTask>
    <MeshContentTask Include="Assets\modelData\Gimmick\StaticBox.fbx">
      <Filter>Assets\modelData\Gimmick</Filter>
    </MeshContentTask>
  </ItemGroup>
  <ItemGroup>
    <ImageContentTask Include="Assets\sprite\mikyan.jpg">
      <Filter>Assets\sprite</Filter>
    </ImageContentTask>
    <ImageContentTask Include="Assets\sprite\stand\keis_ang.png">
      <Filter>Assets\sprite\stand</Filter>
    </ImageContentTask>
    <ImageContentTask Include="Assets\sprite\stand\keis_happy.png">
      <Filter>Assets\sprite\stand</Filter>
    </ImageContentTask>
    <ImageContentTask Include="Assets\sprite\stand\keis_wow.png">
      <Filter>Assets\sprite\stand</Filter>
    </ImageContentTask>
    <ImageContentTask Include="Assets\sprite\stand\keis_sad.png">
      <Filter>Assets\sprite\stand</Filter>
    </ImageContentTask>
    <ImageContentTask Include="Assets\sprite\system_sprite\fukidasi.png">
      <Filter>Assets\sprite\system</Filter>
    </ImageContentTask>
    <ImageContentTask Include="Assets\sprite\system_sprite\okuri.png">
      <Filter>Assets\sprite\system</Filter>
    </ImageContentTask>
    <ImageContentTask Include="Assets\sprite\system_sprite\skipNow.png">
      <Filter>Assets\sprite\system</Filter>
    </ImageContentTask>
    <ImageContentTask Include="Assets\sprite\window\window1.png">
      <Filter>Assets\sprite\window</Filter>
    </ImageContentTask>
    <ImageContentTask Include="Assets\sprite\window\window2.png">
      <Filter>Assets\sprite\window</Filter>
    </ImageContentTask>
    <ImageContentTask Include="Assets\sprite\system_sprite\Gage1.png">
      <Filter>Assets\sprite\window</Filter>
    </ImageContentTask>
    <ImageContentTask Include="Assets\sprite\system_sprite\Gage1_Under.png">
      <Filter>Assets\sprite\window</Filter>
    </ImageContentTask>
    <ImageContentTask Include="Assets\sprite\system_sprite\Life.png">
      <Filter>Assets\sprite\system</Filter>
    </ImageContentTask>
    <ImageContentTask Include="Assets\sprite\system_sprite\Life_Waku.png">
      <Filter>Assets\sprite\system</Filter>
    </ImageContentTask>
    <ImageContentTask Include="Assets\sprite\system_sprite\Accessory1.png">
      <Filter>Assets\sprite\system</Filter>
    </ImageContentTask>
    <ImageContentTask Include="Assets\sprite\system_sprite\levelUp_8F.png">
      <Filter>Assets\sprite\system</Filter>
    </ImageContentTask>
    <ImageContentTask Include="Assets\sprite\system_sprite\Accessory2.png">
      <Filter>Assets\sprite\system</Filter>
    </ImageContentTask>
    <ImageContentTask Include="Assets\sprite\menu_sprite\MenuButton.png">
      <Filter>Assets\sprite\Menu</Filter>
    </ImageContentTask>
    <ImageContentTask Include="Assets\sprite\menu_sprite\MenuButton_Back.png">
      <Filter>Assets\sprite\Menu</Filter>
    </ImageContentTask>
    <ImageContentTask Include="Assets\sprite\window\window3.png">
      <Filter>Assets\sprite\window</Filter>
    </ImageContentTask>
    <ImageContentTask Include="Assets\sprite\stand\keis.png">
      <Filter>Assets\sprite\stand</Filter>
    </ImageContentTask>
    <ImageContentTask Include="Assets\sprite\transition\under.png">
      <Filter>Assets\sprite\Transition</Filter>
    </ImageContentTask>
    <ImageContentTask Include="Assets\sprite\transition\naname_box.png">
      <Filter>Assets\sprite\Transition</Filter>
    </ImageContentTask>
    <ImageContentTask Include="Assets\modelData\Titan__Albedo.tga">
      <Filter>Assets\modelData\TestModel\Titan</Filter>
    </ImageContentTask>
    <ImageContentTask Include="Assets\modelData\Titan_normals.tga">
      <Filter>Assets\modelData\TestModel\Titan</Filter>
    </ImageContentTask>
    <ImageContentTask Include="Assets\modelData\Titan_Metallic.tga">
      <Filter>Assets\modelData\TestModel\Titan</Filter>
    </ImageContentTask>
    <ImageContentTask Include="Assets\sprite\window\window4.png">
      <Filter>Assets\sprite\window</Filter>
    </ImageContentTask>
    <ImageContentTask Include="Assets\sprite\system_sprite\black.png">
      <Filter>Assets\sprite\system</Filter>
    </ImageContentTask>
    <ImageContentTask Include="Assets\modelData\Titan__Ao.tga">
      <Filter>Assets\modelData\TestModel\Titan</Filter>
    </ImageContentTask>
    <ImageContentTask Include="Assets\sprite\menu_sprite\MenuLogo\MenuLogo.png">
      <Filter>Assets\sprite\Menu\Logo</Filter>
    </ImageContentTask>
    <ImageContentTask Include="Assets\sprite\menu_sprite\MenuLogo\MenuLogo_Nami.png">
      <Filter>Assets\sprite\Menu\Logo</Filter>
    </ImageContentTask>
    <ImageContentTask Include="Assets\sprite\menu_sprite\MenuLogo\MenuLogo_Up.png">
      <Filter>Assets\sprite\Menu\Logo</Filter>
    </ImageContentTask>
    <ImageContentTask Include="Assets\sprite\menu_sprite\MenuLogo\MenuLogo_Under.png">
      <Filter>Assets\sprite\Menu\Logo</Filter>
    </ImageContentTask>
    <ImageContentTask Include="Assets\sprite\menu_sprite\MenuLogo\MenuLogoLight.png">
      <Filter>Assets\sprite\Menu\Logo</Filter>
    </ImageContentTask>
    <ImageContentTask Include="Assets\sprite\menu_sprite\mahojin.png">
      <Filter>Assets\sprite\Menu</Filter>
    </ImageContentTask>
    <ImageContentTask Include="Assets\sprite\menu_sprite\MenuCursor.png">
      <Filter>Assets\sprite\Menu</Filter>
    </ImageContentTask>
    <ImageContentTask Include="Assets\sprite\window\window5.png">
      <Filter>Assets\sprite\window</Filter>
    </ImageContentTask>
    <ImageContentTask Include="Assets\sprite\effect\jewel_mask.png">
      <Filter>Assets\sprite\effect</Filter>
    </ImageContentTask>
    <ImageContentTask Include="Assets\sprite\Title\Logo\Logo.png">
      <Filter>Assets\sprite\Title\Logo</Filter>
    </ImageContentTask>
    <ImageContentTask Include="Assets\sprite\Title\Logo\Logo_Bikkuri.png">
      <Filter>Assets\sprite\Title\Logo</Filter>
    </ImageContentTask>
    <ImageContentTask Include="Assets\sprite\Title\Logo\Logo_Bu.png">
      <Filter>Assets\sprite\Title\Logo</Filter>
    </ImageContentTask>
    <ImageContentTask Include="Assets\sprite\Title\Logo\Logo_Circle1.png">
      <Filter>Assets\sprite\Title\Logo</Filter>
    </ImageContentTask>
    <ImageContentTask Include="Assets\sprite\Title\Logo\Logo_Circle2.png">
      <Filter>Assets\sprite\Title\Logo</Filter>
    </ImageContentTask>
    <ImageContentTask Include="Assets\sprite\Title\Logo\Logo_Circle3.png">
      <Filter>Assets\sprite\Title\Logo</Filter>
    </ImageContentTask>
    <ImageContentTask Include="Assets\sprite\Title\Logo\Logo_Circle4.png">
      <Filter>Assets\sprite\Title\Logo</Filter>
    </ImageContentTask>
    <ImageContentTask Include="Assets\sprite\Title\Logo\Logo_Circle5.png">
      <Filter>Assets\sprite\Title\Logo</Filter>
    </ImageContentTask>
    <ImageContentTask Include="Assets\sprite\Title\Logo\Logo_Circle6.png">
      <Filter>Assets\sprite\Title\Logo</Filter>
    </ImageContentTask>
    <ImageContentTask Include="Assets\sprite\Title\Logo\Logo_Circle7.png">
      <Filter>Assets\sprite\Title\Logo</Filter>
    </ImageContentTask>
    <ImageContentTask Include="Assets\sprite\Title\Logo\Logo_Circle8.png">
      <Filter>Assets\sprite\Title\Logo</Filter>
    </ImageContentTask>
    <ImageContentTask Include="Assets\sprite\Title\Logo\Logo_Ha.png">
      <Filter>Assets\sprite\Title\Logo</Filter>
    </ImageContentTask>
    <ImageContentTask Include="Assets\sprite\Title\Logo\Logo_hakobun.png">
      <Filter>Assets\sprite\Title\Logo</Filter>
    </ImageContentTask>
    <ImageContentTask Include="Assets\sprite\Title\Logo\Logo_Ko.png">
      <Filter>Assets\sprite\Title\Logo</Filter>
    </ImageContentTask>
    <ImageContentTask Include="Assets\sprite\Title\Logo\Logo_N.png">
      <Filter>Assets\sprite\Title\Logo</Filter>
    </ImageContentTask>
    <ImageContentTask Include="Assets\sprite\White.png">
      <Filter>Assets\sprite</Filter>
    </ImageContentTask>
    <ImageContentTask Include="Assets\sprite\Title\End.png">
      <Filter>Assets\sprite\Title</Filter>
    </ImageContentTask>
    <ImageContentTask Include="Assets\sprite\Title\Hazimekara.png">
      <Filter>Assets\sprite\Title</Filter>
    </ImageContentTask>
    <ImageContentTask Include="Assets\sprite\Title\Tudukikara.png">
      <Filter>Assets\sprite\Title</Filter>
    </ImageContentTask>
    <ImageContentTask Include="Assets\sprite\Title\Title_BG.png">
      <Filter>Assets\sprite\Title</Filter>
    </ImageContentTask>
  </ItemGroup>
  <ItemGroup>
    <ResourceCompile Include="Game.rc" />
  </ItemGroup>
</Project>